# THIS IS AN AUTOGENERATED FILE. DO NOT EDIT THIS FILE DIRECTLY.
# yarn lockfile v1


eslint-config-redlotus-base@^0.0.2:
  version "0.0.2"
  resolved "https://registry.yarnpkg.com/eslint-config-redlotus-base/-/eslint-config-redlotus-base-0.0.2.tgz#3dd33a3d06f409251e207a75b146d0ec461bffa1"
  integrity sha512-5RYRR9gegSspeh1hHqbqzsRdyI0/C2Zm+PdcZT7xAizbVVcnngfLbQxwp6KR1E7YBEY41lWOKdvTIwsVAy7yOQ==
